// !$*UTF8*$!
{
	archiveVersion = 1;
	classes = {
	};
	objectVersion = 48;
	objects = {

/* Begin PBXBuildFile section */
		F813E6221FDDF412002DD3B1 /* AppDelegate.swift in Sources */ = {isa = PBXBuildFile; fileRef = F813E6211FDDF412002DD3B1 /* AppDelegate.swift */; };
		F813E6241FDDF412002DD3B1 /* GameScene.sks in Resources */ = {isa = PBXBuildFile; fileRef = F813E6231FDDF412002DD3B1 /* GameScene.sks */; };
		F813E6261FDDF412002DD3B1 /* Actions.sks in Resources */ = {isa = PBXBuildFile; fileRef = F813E6251FDDF412002DD3B1 /* Actions.sks */; };
		F813E6281FDDF412002DD3B1 /* GameScene.swift in Sources */ = {isa = PBXBuildFile; fileRef = F813E6271FDDF412002DD3B1 /* GameScene.swift */; };
		F813E62A1FDDF412002DD3B1 /* GameViewController.swift in Sources */ = {isa = PBXBuildFile; fileRef = F813E6291FDDF412002DD3B1 /* GameViewController.swift */; };
		F813E62D1FDDF412002DD3B1 /* Main.storyboard in Resources */ = {isa = PBXBuildFile; fileRef = F813E62B1FDDF412002DD3B1 /* Main.storyboard */; };
		F813E62F1FDDF412002DD3B1 /* Assets.xcassets in Resources */ = {isa = PBXBuildFile; fileRef = F813E62E1FDDF412002DD3B1 /* Assets.xcassets */; };
		F813E6321FDDF412002DD3B1 /* LaunchScreen.storyboard in Resources */ = {isa = PBXBuildFile; fileRef = F813E6301FDDF412002DD3B1 /* LaunchScreen.storyboard */; };
		F813E63D1FDDF413002DD3B1 /* testTests.swift in Sources */ = {isa = PBXBuildFile; fileRef = F813E63C1FDDF413002DD3B1 /* testTests.swift */; };
		F813E6481FDDF413002DD3B1 /* testUITests.swift in Sources */ = {isa = PBXBuildFile; fileRef = F813E6471FDDF413002DD3B1 /* testUITests.swift */; };
/* End PBXBuildFile section */

/* Begin PBXContainerItemProxy section */
		F813E6391FDDF413002DD3B1 /* PBXContainerItemProxy */ = {
			isa = PBXContainerItemProxy;
			containerPortal = F813E6161FDDF412002DD3B1 /* Project object */;
			proxyType = 1;
			remoteGlobalIDString = F813E61D1FDDF412002DD3B1;
			remoteInfo = test;
		};
		F813E6441FDDF413002DD3B1 /* PBXContainerItemProxy */ = {
			isa = PBXContainerItemProxy;
			containerPortal = F813E6161FDDF412002DD3B1 /* Project object */;
			proxyType = 1;
			remoteGlobalIDString = F813E61D1FDDF412002DD3B1;
			remoteInfo = test;
		};
/* End PBXContainerItemProxy section */

/* Begin PBXFileReference section */
		F813E61E1FDDF412002DD3B1 /* test.app */ = {isa = PBXFileReference; explicitFileType = wrapper.application; includeInIndex = 0; path = test.app; sourceTree = BUILT_PRODUCTS_DIR; };
		F813E6211FDDF412002DD3B1 /* AppDelegate.swift */ = {isa = PBXFileReference; lastKnownFileType = sourcecode.swift; path = AppDelegate.swift; sourceTree = "<group>"; };
		F813E6231FDDF412002DD3B1 /* GameScene.sks */ = {isa = PBXFileReference; lastKnownFileType = file.sks; path = GameScene.sks; sourceTree = "<group>"; };
		F813E6251FDDF412002DD3B1 /* Actions.sks */ = {isa = PBXFileReference; lastKnownFileType = file.sks; path = Actions.sks; sourceTree = "<group>"; };
		F813E6271FDDF412002DD3B1 /* GameScene.swift */ = {isa = PBXFileReference; lastKnownFileType = sourcecode.swift; path = GameScene.swift; sourceTree = "<group>"; };
		F813E6291FDDF412002DD3B1 /* GameViewController.swift */ = {isa = PBXFileReference; lastKnownFileType = sourcecode.swift; path = GameViewController.swift; sourceTree = "<group>"; };
		F813E62C1FDDF412002DD3B1 /* Base */ = {isa = PBXFileReference; lastKnownFileType = file.storyboard; name = Base; path = Base.lproj/Main.storyboard; sourceTree = "<group>"; };
		F813E62E1FDDF412002DD3B1 /* Assets.xcassets */ = {isa = PBXFileReference; lastKnownFileType = folder.assetcatalog; path = Assets.xcassets; sourceTree = "<group>"; };
		F813E6311FDDF412002DD3B1 /* Base */ = {isa = PBXFileReference; lastKnownFileType = file.storyboard; name = Base; path = Base.lproj/LaunchScreen.storyboard; sourceTree = "<group>"; };
		F813E6331FDDF412002DD3B1 /* Info.plist */ = {isa = PBXFileReference; lastKnownFileType = text.plist.xml; path = Info.plist; sourceTree = "<group>"; };
		F813E6381FDDF413002DD3B1 /* testTests.xctest */ = {isa = PBXFileReference; explicitFileType = wrapper.cfbundle; includeInIndex = 0; path = testTests.xctest; sourceTree = BUILT_PRODUCTS_DIR; };
		F813E63C1FDDF413002DD3B1 /* testTests.swift */ = {isa = PBXFileReference; lastKnownFileType = sourcecode.swift; path = testTests.swift; sourceTree = "<group>"; };
		F813E63E1FDDF413002DD3B1 /* Info.plist */ = {isa = PBXFileReference; lastKnownFileType = text.plist.xml; path = Info.plist; sourceTree = "<group>"; };
		F813E6431FDDF413002DD3B1 /* testUITests.xctest */ = {isa = PBXFileReference; explicitFileType = wrapper.cfbundle; includeInIndex = 0; path = testUITests.xctest; sourceTree = BUILT_PRODUCTS_DIR; };
		F813E6471FDDF413002DD3B1 /* testUITests.swift */ = {isa = PBXFileReference; lastKnownFileType = sourcecode.swift; path = testUITests.swift; sourceTree = "<group>"; };
		F813E6491FDDF413002DD3B1 /* Info.plist */ = {isa = PBXFileReference; lastKnownFileType = text.plist.xml; path = Info.plist; sourceTree = "<group>"; };
/* End PBXFileReference section */

/* Begin PBXFrameworksBuildPhase section */
		F813E61B1FDDF412002DD3B1 /* Frameworks */ = {
			isa = PBXFrameworksBuildPhase;
			buildActionMask = 2147483647;
			files = (
			);
			runOnlyForDeploymentPostprocessing = 0;
		};
		F813E6351FDDF413002DD3B1 /* Frameworks */ = {
			isa = PBXFrameworksBuildPhase;
			buildActionMask = 2147483647;
			files = (
			);
			runOnlyForDeploymentPostprocessing = 0;
		};
		F813E6401FDDF413002DD3B1 /* Frameworks */ = {
			isa = PBXFrameworksBuildPhase;
			buildActionMask = 2147483647;
			files = (
			);
			runOnlyForDeploymentPostprocessing = 0;
		};
/* End PBXFrameworksBuildPhase section */

/* Begin PBXGroup section */
		F813E6151FDDF412002DD3B1 = {
			isa = PBXGroup;
			children = (
				F813E6201FDDF412002DD3B1 /* test */,
				F813E63B1FDDF413002DD3B1 /* testTests */,
				F813E6461FDDF413002DD3B1 /* testUITests */,
				F813E61F1FDDF412002DD3B1 /* Products */,
			);
			sourceTree = "<group>";
		};
		F813E61F1FDDF412002DD3B1 /* Products */ = {
			isa = PBXGroup;
			children = (
				F813E61E1FDDF412002DD3B1 /* test.app */,
				F813E6381FDDF413002DD3B1 /* testTests.xctest */,
				F813E6431FDDF413002DD3B1 /* testUITests.xctest */,
			);
			name = Products;
			sourceTree = "<group>";
		};
		F813E6201FDDF412002DD3B1 /* test */ = {
			isa = PBXGroup;
			children = (
				F813E6211FDDF412002DD3B1 /* AppDelegate.swift */,
				F813E6231FDDF412002DD3B1 /* GameScene.sks */,
				F813E6251FDDF412002DD3B1 /* Actions.sks */,
				F813E6271FDDF412002DD3B1 /* GameScene.swift */,
				F813E6291FDDF412002DD3B1 /* GameViewController.swift */,
				F813E62B1FDDF412002DD3B1 /* Main.storyboard */,
				F813E62E1FDDF412002DD3B1 /* Assets.xcassets */,
				F813E6301FDDF412002DD3B1 /* LaunchScreen.storyboard */,
				F813E6331FDDF412002DD3B1 /* Info.plist */,
			);
			path = test;
			sourceTree = "<group>";
		};
		F813E63B1FDDF413002DD3B1 /* testTests */ = {
			isa = PBXGroup;
			children = (
				F813E63C1FDDF413002DD3B1 /* testTests.swift */,
				F813E63E1FDDF413002DD3B1 /* Info.plist */,
			);
			path = testTests;
			sourceTree = "<group>";
		};
		F813E6461FDDF413002DD3B1 /* testUITests */ = {
			isa = PBXGroup;
			children = (
				F813E6471FDDF413002DD3B1 /* testUITests.swift */,
				F813E6491FDDF413002DD3B1 /* Info.plist */,
			);
			path = testUITests;
			sourceTree = "<group>";
		};
/* End PBXGroup section */

/* Begin PBXNativeTarget section */
		F813E61D1FDDF412002DD3B1 /* test */ = {
			isa = PBXNativeTarget;
			buildConfigurationList = F813E64C1FDDF413002DD3B1 /* Build configuration list for PBXNativeTarget "test" */;
			buildPhases = (
				F813E61A1FDDF412002DD3B1 /* Sources */,
				F813E61B1FDDF412002DD3B1 /* Frameworks */,
				F813E61C1FDDF412002DD3B1 /* Resources */,
			);
			buildRules = (
			);
			dependencies = (
			);
			name = test;
			productName = test;
			productReference = F813E61E1FDDF412002DD3B1 /* test.app */;
			productType = "com.apple.product-type.application";
		};
		F813E6371FDDF413002DD3B1 /* testTests */ = {
			isa = PBXNativeTarget;
			buildConfigurationList = F813E64F1FDDF413002DD3B1 /* Build configuration list for PBXNativeTarget "testTests" */;
			buildPhases = (
				F813E6341FDDF413002DD3B1 /* Sources */,
				F813E6351FDDF413002DD3B1 /* Frameworks */,
				F813E6361FDDF413002DD3B1 /* Resources */,
			);
			buildRules = (
			);
			dependencies = (
				F813E63A1FDDF413002DD3B1 /* PBXTargetDependency */,
			);
			name = testTests;
			productName = testTests;
			productReference = F813E6381FDDF413002DD3B1 /* testTests.xctest */;
			productType = "com.apple.product-type.bundle.unit-test";
		};
		F813E6421FDDF413002DD3B1 /* testUITests */ = {
			isa = PBXNativeTarget;
			buildConfigurationList = F813E6521FDDF413002DD3B1 /* Build configuration list for PBXNativeTarget "testUITests" */;
			buildPhases = (
				F813E63F1FDDF413002DD3B1 /* Sources */,
				F813E6401FDDF413002DD3B1 /* Frameworks */,
				F813E6411FDDF413002DD3B1 /* Resources */,
			);
			buildRules = (
			);
			dependencies = (
				F813E6451FDDF413002DD3B1 /* PBXTargetDependency */,
			);
			name = testUITests;
			productName = testUITests;
			productReference = F813E6431FDDF413002DD3B1 /* testUITests.xctest */;
			productType = "com.apple.product-type.bundle.ui-testing";
		};
/* End PBXNativeTarget section */

/* Begin PBXProject section */
		F813E6161FDDF412002DD3B1 /* Project object */ = {
			isa = PBXProject;
			attributes = {
				LastSwiftUpdateCheck = 0920;
				LastUpgradeCheck = 0920;
				ORGANIZATIONNAME = nyu.edu;
				TargetAttributes = {
					F813E61D1FDDF412002DD3B1 = {
						CreatedOnToolsVersion = 9.2;
						ProvisioningStyle = Automatic;
					};
					F813E6371FDDF413002DD3B1 = {
						CreatedOnToolsVersion = 9.2;
						ProvisioningStyle = Automatic;
						TestTargetID = F813E61D1FDDF412002DD3B1;
					};
					F813E6421FDDF413002DD3B1 = {
						CreatedOnToolsVersion = 9.2;
						ProvisioningStyle = Automatic;
						TestTargetID = F813E61D1FDDF412002DD3B1;
					};
				};
			};
			buildConfigurationList = F813E6191FDDF412002DD3B1 /* Build configuration list for PBXProject "test" */;
			compatibilityVersion = "Xcode 8.0";
			developmentRegion = en;
			hasScannedForEncodings = 0;
			knownRegions = (
				en,
				Base,
			);
			mainGroup = F813E6151FDDF412002DD3B1;
			productRefGroup = F813E61F1FDDF412002DD3B1 /* Products */;
			projectDirPath = "";
			projectRoot = "";
			targets = (
				F813E61D1FDDF412002DD3B1 /* test */,
				F813E6371FDDF413002DD3B1 /* testTests */,
				F813E6421FDDF413002DD3B1 /* testUITests */,
			);
		};
/* End PBXProject section */

/* Begin PBXResourcesBuildPhase section */
		F813E61C1FDDF412002DD3B1 /* Resources */ = {
			isa = PBXResourcesBuildPhase;
			buildActionMask = 2147483647;
			files = (
				F813E62D1FDDF412002DD3B1 /* Main.storyboard in Resources */,
				F813E6241FDDF412002DD3B1 /* GameScene.sks in Resources */,
				F813E62F1FDDF412002DD3B1 /* Assets.xcassets in Resources */,
				F813E6321FDDF412002DD3B1 /* LaunchScreen.storyboard in Resources */,
				F813E6261FDDF412002DD3B1 /* Actions.sks in Resources */,
			);
			runOnlyForDeploymentPostprocessing = 0;
		};
		F813E6361FDDF413002DD3B1 /* Resources */ = {
			isa = PBXResourcesBuildPhase;
			buildActionMask = 2147483647;
			files = (
			);
			runOnlyForDeploymentPostprocessing = 0;
		};
		F813E6411FDDF413002DD3B1 /* Resources */ = {
			isa = PBXResourcesBuildPhase;
			buildActionMask = 2147483647;
			files = (
			);
			runOnlyForDeploymentPostprocessing = 0;
		};
/* End PBXResourcesBuildPhase section */

/* Begin PBXSourcesBuildPhase section */
		F813E61A1FDDF412002DD3B1 /* Sources */ = {
			isa = PBXSourcesBuildPhase;
			buildActionMask = 2147483647;
			files = (
				F813E6281FDDF412002DD3B1 /* GameScene.swift in Sources */,
				F813E62A1FDDF412002DD3B1 /* GameViewController.swift in Sources */,
				F813E6221FDDF412002DD3B1 /* AppDelegate.swift in Sources */,
			);
			runOnlyForDeploymentPostprocessing = 0;
		};
		F813E6341FDDF413002DD3B1 /* Sources */ = {
			isa = PBXSourcesBuildPhase;
			buildActionMask = 2147483647;
			files = (
				F813E63D1FDDF413002DD3B1 /* testTests.swift in Sources */,
			);
			runOnlyForDeploymentPostprocessing = 0;
		};
		F813E63F1FDDF413002DD3B1 /* Sources */ = {
			isa = PBXSourcesBuildPhase;
			buildActionMask = 2147483647;
			files = (
				F813E6481FDDF413002DD3B1 /* testUITests.swift in Sources */,
			);
			runOnlyForDeploymentPostprocessing = 0;
		};
/* End PBXSourcesBuildPhase section */

/* Begin PBXTargetDependency section */
		F813E63A1FDDF413002DD3B1 /* PBXTargetDependency */ = {
			isa = PBXTargetDependency;
			target = F813E61D1FDDF412002DD3B1 /* test */;
			targetProxy = F813E6391FDDF413002DD3B1 /* PBXContainerItemProxy */;
		};
		F813E6451FDDF413002DD3B1 /* PBXTargetDependency */ = {
			isa = PBXTargetDependency;
			target = F813E61D1FDDF412002DD3B1 /* test */;
			targetProxy = F813E6441FDDF413002DD3B1 /* PBXContainerItemProxy */;
		};
/* End PBXTargetDependency section */

/* Begin PBXVariantGroup section */
		F813E62B1FDDF412002DD3B1 /* Main.storyboard */ = {
			isa = PBXVariantGroup;
			children = (
				F813E62C1FDDF412002DD3B1 /* Base */,
			);
			name = Main.storyboard;
			sourceTree = "<group>";
		};
		F813E6301FDDF412002DD3B1 /* LaunchScreen.storyboard */ = {
			isa = PBXVariantGroup;
			children = (
				F813E6311FDDF412002DD3B1 /* Base */,
			);
			name = LaunchScreen.storyboard;
			sourceTree = "<group>";
		};
/* End PBXVariantGroup section */

/* Begin XCBuildConfiguration section */
		F813E64A1FDDF413002DD3B1 /* Debug */ = {
			isa = XCBuildConfiguration;
			buildSettings = {
				ALWAYS_SEARCH_USER_PATHS = NO;
				CLANG_ANALYZER_NONNULL = YES;
				CLANG_ANALYZER_NUMBER_OBJECT_CONVERSION = YES_AGGRESSIVE;
				CLANG_CXX_LANGUAGE_STANDARD = "gnu++14";
				CLANG_CXX_LIBRARY = "libc++";
				CLANG_ENABLE_MODULES = YES;
				CLANG_ENABLE_OBJC_ARC = YES;
				CLANG_WARN_BLOCK_CAPTURE_AUTORELEASING = YES;
				CLANG_WARN_BOOL_CONVERSION = YES;
				CLANG_WARN_COMMA = YES;
				CLANG_WARN_CONSTANT_CONVERSION = YES;
				CLANG_WARN_DIRECT_OBJC_ISA_USAGE = YES_ERROR;
				CLANG_WARN_DOCUMENTATION_COMMENTS = YES;
				CLANG_WARN_EMPTY_BODY = YES;
				CLANG_WARN_ENUM_CONVERSION = YES;
				CLANG_WARN_INFINITE_RECURSION = YES;
				CLANG_WARN_INT_CONVERSION = YES;
				CLANG_WARN_NON_LITERAL_NULL_CONVERSION = YES;
				CLANG_WARN_OBJC_LITERAL_CONVERSION = YES;
				CLANG_WARN_OBJC_ROOT_CLASS = YES_ERROR;
				CLANG_WARN_RANGE_LOOP_ANALYSIS = YES;
				CLANG_WARN_STRICT_PROTOTYPES = YES;
				CLANG_WARN_SUSPICIOUS_MOVE = YES;
				CLANG_WARN_UNGUARDED_AVAILABILITY = YES_AGGRESSIVE;
				CLANG_WARN_UNREACHABLE_CODE = YES;
				CLANG_WARN__DUPLICATE_METHOD_MATCH = YES;
				CODE_SIGN_IDENTITY = "iPhone Developer";
				COPY_PHASE_STRIP = NO;
				DEBUG_INFORMATION_FORMAT = dwarf;
				ENABLE_STRICT_OBJC_MSGSEND = YES;
				ENABLE_TESTABILITY = YES;
				GCC_C_LANGUAGE_STANDARD = gnu11;
				GCC_DYNAMIC_NO_PIC = NO;
				GCC_NO_COMMON_BLOCKS = YES;
				GCC_OPTIMIZATION_LEVEL = 0;
				GCC_PREPROCESSOR_DEFINITIONS = (
					"DEBUG=1",
					"$(inherited)",
				);
				GCC_WARN_64_TO_32_BIT_CONVERSION = YES;
				GCC_WARN_ABOUT_RETURN_TYPE = YES_ERROR;
				GCC_WARN_UNDECLARED_SELECTOR = YES;
				GCC_WARN_UNINITIALIZED_AUTOS = YES_AGGRESSIVE;
				GCC_WARN_UNUSED_FUNCTION = YES;
				GCC_WARN_UNUSED_VARIABLE = YES;
				IPHONEOS_DEPLOYMENT_TARGET = 11.2;
				MTL_ENABLE_DEBUG_INFO = YES;
				ONLY_ACTIVE_ARCH = YES;
				SDKROOT = iphoneos;
				SWIFT_ACTIVE_COMPILATION_CONDITIONS = DEBUG;
				SWIFT_OPTIMIZATION_LEVEL = "-Onone";
			};
			name = Debug;
		};
		F813E64B1FDDF413002DD3B1 /* Release */ = {
			isa = XCBuildConfiguration;
			buildSettings = {
				ALWAYS_SEARCH_USER_PATHS = NO;
				CLANG_ANALYZER_NONNULL = YES;
				CLANG_ANALYZER_NUMBER_OBJECT_CONVERSION = YES_AGGRESSIVE;
				CLANG_CXX_LANGUAGE_STANDARD = "gnu++14";
				CLANG_CXX_LIBRARY = "libc++";
				CLANG_ENABLE_MODULES = YES;
				CLANG_ENABLE_OBJC_ARC = YES;
				CLANG_WARN_BLOCK_CAPTURE_AUTORELEASING = YES;
				CLANG_WARN_BOOL_CONVERSION = YES;
				CLANG_WARN_COMMA = YES;
				CLANG_WARN_CONSTANT_CONVERSION = YES;
				CLANG_WARN_DIRECT_OBJC_ISA_USAGE = YES_ERROR;
				CLANG_WARN_DOCUMENTATION_COMMENTS = YES;
				CLANG_WARN_EMPTY_BODY = YES;
				CLANG_WARN_ENUM_CONVERSION = YES;
				CLANG_WARN_INFINITE_RECURSION = YES;
				CLANG_WARN_INT_CONVERSION = YES;
				CLANG_WARN_NON_LITERAL_NULL_CONVERSION = YES;
				CLANG_WARN_OBJC_LITERAL_CONVERSION = YES;
				CLANG_WARN_OBJC_ROOT_CLASS = YES_ERROR;
				CLANG_WARN_RANGE_LOOP_ANALYSIS = YES;
				CLANG_WARN_STRICT_PROTOTYPES = YES;
				CLANG_WARN_SUSPICIOUS_MOVE = YES;
				CLANG_WARN_UNGUARDED_AVAILABILITY = YES_AGGRESSIVE;
				CLANG_WARN_UNREACHABLE_CODE = YES;
				CLANG_WARN__DUPLICATE_METHOD_MATCH = YES;
				CODE_SIGN_IDENTITY = "iPhone Developer";
				COPY_PHASE_STRIP = NO;
				DEBUG_INFORMATION_FORMAT = "dwarf-with-dsym";
				ENABLE_NS_ASSERTIONS = NO;
				ENABLE_STRICT_OBJC_MSGSEND = YES;
				GCC_C_LANGUAGE_STANDARD = gnu11;
				GCC_NO_COMMON_BLOCKS = YES;
				GCC_WARN_64_TO_32_BIT_CONVERSION = YES;
				GCC_WARN_ABOUT_RETURN_TYPE = YES_ERROR;
				GCC_WARN_UNDECLARED_SELECTOR = YES;
				GCC_WARN_UNINITIALIZED_AUTOS = YES_AGGRESSIVE;
				GCC_WARN_UNUSED_FUNCTION = YES;
				GCC_WARN_UNUSED_VARIABLE = YES;
				IPHONEOS_DEPLOYMENT_TARGET = 11.2;
				MTL_ENABLE_DEBUG_INFO = NO;
				SDKROOT = iphoneos;
				SWIFT_OPTIMIZATION_LEVEL = "-Owholemodule";
				VALIDATE_PRODUCT = YES;
			};
			name = Release;
		};
		F813E64D1FDDF413002DD3B1 /* Debug */ = {
			isa = XCBuildConfiguration;
			buildSettings = {
				ASSETCATALOG_COMPILER_APPICON_NAME = AppIcon;
				CODE_SIGN_STYLE = Automatic;
				INFOPLIST_FILE = test/Info.plist;
				LD_RUNPATH_SEARCH_PATHS = "$(inherited) @executable_path/Frameworks";
				PRODUCT_BUNDLE_IDENTIFIER = nyu.edu.test;
				PRODUCT_NAME = "$(TARGET_NAME)";
				SWIFT_VERSION = 4.0;
				TARGETED_DEVICE_FAMILY = "1,2";
			};
			name = Debug;
		};
		F813E64E1FDDF413002DD3B1 /* Release */ = {
			isa = XCBuildConfiguration;
			buildSettings = {
				ASSETCATALOG_COMPILER_APPICON_NAME = AppIcon;
				CODE_SIGN_STYLE = Automatic;
				INFOPLIST_FILE = test/Info.plist;
				LD_RUNPATH_SEARCH_PATHS = "$(inherited) @executable_path/Frameworks";
				PRODUCT_BUNDLE_IDENTIFIER = nyu.edu.test;
				PRODUCT_NAME = "$(TARGET_NAME)";
				SWIFT_VERSION = 4.0;
				TARGETED_DEVICE_FAMILY = "1,2";
			};
			name = Release;
		};
		F813E6501FDDF413002DD3B1 /* Debug */ = {
			isa = XCBuildConfiguration;
			buildSettings = {
				ALWAYS_EMBED_SWIFT_STANDARD_LIBRARIES = YES;
				BUNDLE_LOADER = "$(TEST_HOST)";
				CODE_SIGN_STYLE = Automatic;
				INFOPLIST_FILE = testTests/Info.plist;
				LD_RUNPATH_SEARCH_PATHS = "$(inherited) @executable_path/Frameworks @loader_path/Frameworks";
				PRODUCT_BUNDLE_IDENTIFIER = nyu.edu.testTests;
				PRODUCT_NAME = "$(TARGET_NAME)";
				SWIFT_VERSION = 4.0;
				TARGETED_DEVICE_FAMILY = "1,2";
				TEST_HOST = "$(BUILT_PRODUCTS_DIR)/test.app/test";
			};
			name = Debug;
		};
		F813E6511FDDF413002DD3B1 /* Release */ = {
			isa = XCBuildConfiguration;
			buildSettings = {
				ALWAYS_EMBED_SWIFT_STANDARD_LIBRARIES = YES;
				BUNDLE_LOADER = "$(TEST_HOST)";
				CODE_SIGN_STYLE = Automatic;
				INFOPLIST_FILE = testTests/Info.plist;
				LD_RUNPATH_SEARCH_PATHS = "$(inherited) @executable_path/Frameworks @loader_path/Frameworks";
				PRODUCT_BUNDLE_IDENTIFIER = nyu.edu.testTests;
				PRODUCT_NAME = "$(TARGET_NAME)";
				SWIFT_VERSION = 4.0;
				TARGETED_DEVICE_FAMILY = "1,2";
				TEST_HOST = "$(BUILT_PRODUCTS_DIR)/test.app/test";
			};
			name = Release;
		};
		F813E6531FDDF413002DD3B1 /* Debug */ = {
			isa = XCBuildConfiguration;
			buildSettings = {
				ALWAYS_EMBED_SWIFT_STANDARD_LIBRARIES = YES;
				CODE_SIGN_STYLE = Automatic;
				INFOPLIST_FILE = testUITests/Info.plist;
				LD_RUNPATH_SEARCH_PATHS = "$(inherited) @executable_path/Frameworks @loader_path/Frameworks";
				PRODUCT_BUNDLE_IDENTIFIER = nyu.edu.testUITests;
				PRODUCT_NAME = "$(TARGET_NAME)";
				SWIFT_VERSION = 4.0;
				TARGETED_DEVICE_FAMILY = "1,2";
				TEST_TARGET_NAME = test;
			};
			name = Debug;
		};
		F813E6541FDDF413002DD3B1 /* Release */ = {
			isa = XCBuildConfiguration;
			buildSettings = {
				ALWAYS_EMBED_SWIFT_STANDARD_LIBRARIES = YES;
				CODE_SIGN_STYLE = Automatic;
				INFOPLIST_FILE = testUITests/Info.plist;
				LD_RUNPATH_SEARCH_PATHS = "$(inherited) @executable_path/Frameworks @loader_path/Frameworks";
				PRODUCT_BUNDLE_IDENTIFIER = nyu.edu.testUITests;
				PRODUCT_NAME = "$(TARGET_NAME)";
				SWIFT_VERSION = 4.0;
				TARGETED_DEVICE_FAMILY = "1,2";
				TEST_TARGET_NAME = test;
			};
			name = Release;
		};
/* End XCBuildConfiguration section */

/* Begin XCConfigurationList section */
		F813E6191FDDF412002DD3B1 /* Build configuration list for PBXProject "test" */ = {
			isa = XCConfigurationList;
			buildConfigurations = (
				F813E64A1FDDF413002DD3B1 /* Debug */,
				F813E64B1FDDF413002DD3B1 /* Release */,
			);
			defaultConfigurationIsVisible = 0;
			defaultConfigurationName = Release;
		};
		F813E64C1FDDF413002DD3B1 /* Build configuration list for PBXNativeTarget "test" */ = {
			isa = XCConfigurationList;
			buildConfigurations = (
				F813E64D1FDDF413002DD3B1 /* Debug */,
				F813E64E1FDDF413002DD3B1 /* Release */,
			);
			defaultConfigurationIsVisible = 0;
			defaultConfigurationName = Release;
		};
		F813E64F1FDDF413002DD3B1 /* Build configuration list for PBXNativeTarget "testTests" */ = {
			isa = XCConfigurationList;
			buildConfigurations = (
				F813E6501FDDF413002DD3B1 /* Debug */,
				F813E6511FDDF413002DD3B1 /* Release */,
			);
			defaultConfigurationIsVisible = 0;
			defaultConfigurationName = Release;
		};
		F813E6521FDDF413002DD3B1 /* Build configuration list for PBXNativeTarget "testUITests" */ = {
			isa = XCConfigurationList;
			buildConfigurations = (
				F813E6531FDDF413002DD3B1 /* Debug */,
				F813E6541FDDF413002DD3B1 /* Release */,
			);
			defaultConfigurationIsVisible = 0;
			defaultConfigurationName = Release;
		};
/* End XCConfigurationList section */
	};
	rootObject = F813E6161FDDF412002DD3B1 /* Project object */;
}
